{
  "version": "5",
  "redirects": {
    "https://esm.sh/@supabase/supabase-js@2": "https://esm.sh/@supabase/supabase-js@2.110.5"
  },
  "remote": {
    "https://esm.sh/@supabase/supabase-js@2.110.5": "55f04f5b27e7700a581c9e506ff5761fd66bb00545a44f3a2f155d4f30597e6c"
  },
  "workspace": {
    "packageJson": {
      "dependencies": [
        "npm:@expo/ngrok@^4.1.3",
        "npm:@react-native-async-storage/async-storage@2.2.0",
        "npm:@react-native-google-signin/google-signin@^16.1.2",
        "npm:@react-native-seoul/kakao-login@^5.4.2",
        "npm:@supabase/supabase-js@^2.106.1",
        "npm:@types/jest@^29.5.14",
        "npm:@types/node@^26.1.1",
        "npm:@types/react@~19.1.10",
        "npm:base64-arraybuffer@^1.0.2",
        "npm:expo-build-properties@~1.0.10",
        "npm:expo-constants@~18.0.13",
        "npm:expo-crypto@~15.0.9",
        "npm:expo-dev-client@~6.0.21",
        "npm:expo-image-picker@~17.0.11",
        "npm:expo-linear-gradient@~15.0.8",
        "npm:expo-linking@~8.0.12",
        "npm:expo-localization@~17.0.8",
        "npm:expo-location@~19.0.8",
        "npm:expo-notifications@~0.32.17",
        "npm:expo-router@6.0",
        "npm:expo-splash-screen@~31.0.13",
        "npm:expo-status-bar@~3.0.9",
        "npm:expo-web-browser@~15.0.11",
        "npm:expo@54.0",
        "npm:i18next@^26.3.4",
        "npm:jest-expo@~54.0.17",
        "npm:jest@^29.7.0",
        "npm:lucide-react-native@^1.16.0",
        "npm:patch-package@^8.0.1",
        "npm:react-dom@19.1.0",
        "npm:react-i18next@^17.0.8",
        "npm:react-native-safe-area-context@5.6",
        "npm:react-native-screens@4.16",
        "npm:react-native-svg@^15.15.5",
        "npm:react-native-url-polyfill@2",
        "npm:react-native-web@0.21",
        "npm:react-native@0.81.5",
        "npm:react@19.1.0",
        "npm:tsx@^4.23.0",
        "npm:typescript@~5.9.2",
        "npm:zod@^4.4.3"
      ]
    }
  }
}
